
Microsoft Visual Studio Solution File, Format Version 12.00
# Visual Studio 14
VisualStudioVersion = 14.0.23107.0
MinimumVisualStudioVersion = 10.0.40219.1
Project("{FAE04EC0-301F-11D3-BF4B-00C04F79EFBC}") = "BidSystem.Core", "BidSystem.Core\BidSystem.Core.csproj", "{D0814282-8916-487C-9A23-D06EA3BCE935}"
EndProject
Project("{FAE04EC0-301F-11D3-BF4B-00C04F79EFBC}") = "BidSystem.Core.Tests", "BidSystem.Core.Tests\BidSystem.Core.Tests.csproj", "{FA5B3D91-CCC7-4A84-B443-CB3638DA0769}"
EndProject
Project("{FAE04EC0-301F-11D3-BF4B-00C04F79EFBC}") = "BidSystem.Core.ConsoleSimulator", "BidSystem.Core.ConsoleSimulator\BidSystem.Core.ConsoleSimulator.csproj", "{B7DCD00E-7416-4B64-B9CA-F16B5D1ED142}"
EndProject
Global
	GlobalSection(SolutionConfigurationPlatforms) = preSolution
		Debug|Any CPU = Debug|Any CPU
		Release|Any CPU = Release|Any CPU
	EndGlobalSection
	GlobalSection(ProjectConfigurationPlatforms) = postSolution
		{D0814282-8916-487C-9A23-D06EA3BCE935}.Debug|Any CPU.ActiveCfg = Debug|Any CPU
		{D0814282-8916-487C-9A23-D06EA3BCE935}.Debug|Any CPU.Build.0 = Debug|Any CPU
		{D0814282-8916-487C-9A23-D06EA3BCE935}.Release|Any CPU.ActiveCfg = Release|Any CPU
		{D0814282-8916-487C-9A23-D06EA3BCE935}.Release|Any CPU.Build.0 = Release|Any CPU
		{FA5B3D91-CCC7-4A84-B443-CB3638DA0769}.Debug|Any CPU.ActiveCfg = Debug|Any CPU
		{FA5B3D91-CCC7-4A84-B443-CB3638DA0769}.Debug|Any CPU.Build.0 = Debug|Any CPU
		{FA5B3D91-CCC7-4A84-B443-CB3638DA0769}.Release|Any CPU.ActiveCfg = Release|Any CPU
		{FA5B3D91-CCC7-4A84-B443-CB3638DA0769}.Release|Any CPU.Build.0 = Release|Any CPU
		{B7DCD00E-7416-4B64-B9CA-F16B5D1ED142}.Debug|Any CPU.ActiveCfg = Debug|Any CPU
		{B7DCD00E-7416-4B64-B9CA-F16B5D1ED142}.Debug|Any CPU.Build.0 = Debug|Any CPU
		{B7DCD00E-7416-4B64-B9CA-F16B5D1ED142}.Release|Any CPU.ActiveCfg = Release|Any CPU
		{B7DCD00E-7416-4B64-B9CA-F16B5D1ED142}.Release|Any CPU.Build.0 = Release|Any CPU
	EndGlobalSection
	GlobalSection(SolutionProperties) = preSolution
		HideSolutionNode = FALSE
	EndGlobalSection
EndGlobal
